// !$*UTF8*$!
{
	archiveVersion = 1;
	classes = {
	};
	objectVersion = 50;
	objects = {

/* Begin PBXBuildFile section */
		EF43E98E26A1CB900099784A /* PapiersApp.swift in Sources */ = {isa = PBXBuildFile; fileRef = EF43E98D26A1CB900099784A /* PapiersApp.swift */; };
		EF43E99026A1CB900099784A /* ContentView.swift in Sources */ = {isa = PBXBuildFile; fileRef = EF43E98F26A1CB900099784A /* ContentView.swift */; };
		EF43E99226A1CB910099784A /* Assets.xcassets in Resources */ = {isa = PBXBuildFile; fileRef = EF43E99126A1CB910099784A /* Assets.xcassets */; };
		EF43E99526A1CB910099784A /* Preview Assets.xcassets in Resources */ = {isa = PBXBuildFile; fileRef = EF43E99426A1CB910099784A /* Preview Assets.xcassets */; };
		EF43E9A026A1CBCA0099784A /* Home.swift in Sources */ = {isa = PBXBuildFile; fileRef = EF43E99F26A1CBCA0099784A /* Home.swift */; };
		EF43E9A226A1CBEF0099784A /* PaperItem.swift in Sources */ = {isa = PBXBuildFile; fileRef = EF43E9A126A1CBEF0099784A /* PaperItem.swift */; };
		EF43E9A526A1CEA50099784A /* Paper.swift in Sources */ = {isa = PBXBuildFile; fileRef = EF43E9A426A1CEA50099784A /* Paper.swift */; };
		EF43E9A726A1D1A10099784A /* ModelData.swift in Sources */ = {isa = PBXBuildFile; fileRef = EF43E9A626A1D1A10099784A /* ModelData.swift */; };
		EF43E9AB26A1D4600099784A /* mockPapers.json in Resources */ = {isa = PBXBuildFile; fileRef = EF43E9AA26A1D4600099784A /* mockPapers.json */; };
		EF43E9AD26A1D4FA0099784A /* PaperList.swift in Sources */ = {isa = PBXBuildFile; fileRef = EF43E9AC26A1D4FA0099784A /* PaperList.swift */; };
/* End PBXBuildFile section */

/* Begin PBXFileReference section */
		EF43E98A26A1CB900099784A /* Papiers.app */ = {isa = PBXFileReference; explicitFileType = wrapper.application; includeInIndex = 0; path = Papiers.app; sourceTree = BUILT_PRODUCTS_DIR; };
		EF43E98D26A1CB900099784A /* PapiersApp.swift */ = {isa = PBXFileReference; lastKnownFileType = sourcecode.swift; path = PapiersApp.swift; sourceTree = "<group>"; };
		EF43E98F26A1CB900099784A /* ContentView.swift */ = {isa = PBXFileReference; lastKnownFileType = sourcecode.swift; path = ContentView.swift; sourceTree = "<group>"; };
		EF43E99126A1CB910099784A /* Assets.xcassets */ = {isa = PBXFileReference; lastKnownFileType = folder.assetcatalog; path = Assets.xcassets; sourceTree = "<group>"; };
		EF43E99426A1CB910099784A /* Preview Assets.xcassets */ = {isa = PBXFileReference; lastKnownFileType = folder.assetcatalog; path = "Preview Assets.xcassets"; sourceTree = "<group>"; };
		EF43E99626A1CB910099784A /* Info.plist */ = {isa = PBXFileReference; lastKnownFileType = text.plist.xml; path = Info.plist; sourceTree = "<group>"; };
		EF43E99726A1CB910099784A /* Papiers.entitlements */ = {isa = PBXFileReference; lastKnownFileType = text.plist.entitlements; path = Papiers.entitlements; sourceTree = "<group>"; };
		EF43E99F26A1CBCA0099784A /* Home.swift */ = {isa = PBXFileReference; lastKnownFileType = sourcecode.swift; path = Home.swift; sourceTree = "<group>"; };
		EF43E9A126A1CBEF0099784A /* PaperItem.swift */ = {isa = PBXFileReference; lastKnownFileType = sourcecode.swift; path = PaperItem.swift; sourceTree = "<group>"; };
		EF43E9A426A1CEA50099784A /* Paper.swift */ = {isa = PBXFileReference; lastKnownFileType = sourcecode.swift; path = Paper.swift; sourceTree = "<group>"; };
		EF43E9A626A1D1A10099784A /* ModelData.swift */ = {isa = PBXFileReference; lastKnownFileType = sourcecode.swift; path = ModelData.swift; sourceTree = "<group>"; };
		EF43E9AA26A1D4600099784A /* mockPapers.json */ = {isa = PBXFileReference; fileEncoding = 4; lastKnownFileType = text.json; path = mockPapers.json; sourceTree = "<group>"; };
		EF43E9AC26A1D4FA0099784A /* PaperList.swift */ = {isa = PBXFileReference; lastKnownFileType = sourcecode.swift; path = PaperList.swift; sourceTree = "<group>"; };
/* End PBXFileReference section */

/* Begin PBXFrameworksBuildPhase section */
		EF43E98726A1CB900099784A /* Frameworks */ = {
			isa = PBXFrameworksBuildPhase;
			buildActionMask = 2147483647;
			files = (
			);
			runOnlyForDeploymentPostprocessing = 0;
		};
/* End PBXFrameworksBuildPhase section */

/* Begin PBXGroup section */
		EF43E98126A1CB900099784A = {
			isa = PBXGroup;
			children = (
				EF43E98C26A1CB900099784A /* Papiers */,
				EF43E98B26A1CB900099784A /* Products */,
			);
			sourceTree = "<group>";
		};
		EF43E98B26A1CB900099784A /* Products */ = {
			isa = PBXGroup;
			children = (
				EF43E98A26A1CB900099784A /* Papiers.app */,
			);
			name = Products;
			sourceTree = "<group>";
		};
		EF43E98C26A1CB900099784A /* Papiers */ = {
			isa = PBXGroup;
			children = (
				EF43E9A926A1D2F90099784A /* Resources */,
				EF43E99E26A1CBB70099784A /* Model */,
				EF43E99D26A1CBB00099784A /* Views */,
				EF43E98D26A1CB900099784A /* PapiersApp.swift */,
				EF43E99126A1CB910099784A /* Assets.xcassets */,
				EF43E99626A1CB910099784A /* Info.plist */,
				EF43E99726A1CB910099784A /* Papiers.entitlements */,
				EF43E99326A1CB910099784A /* Preview Content */,
			);
			path = Papiers;
			sourceTree = "<group>";
		};
		EF43E99326A1CB910099784A /* Preview Content */ = {
			isa = PBXGroup;
			children = (
				EF43E99426A1CB910099784A /* Preview Assets.xcassets */,
			);
			path = "Preview Content";
			sourceTree = "<group>";
		};
		EF43E99D26A1CBB00099784A /* Views */ = {
			isa = PBXGroup;
			children = (
				EF43E98F26A1CB900099784A /* ContentView.swift */,
				EF43E99F26A1CBCA0099784A /* Home.swift */,
				EF43E9A126A1CBEF0099784A /* PaperItem.swift */,
				EF43E9AC26A1D4FA0099784A /* PaperList.swift */,
			);
			path = Views;
			sourceTree = "<group>";
		};
		EF43E99E26A1CBB70099784A /* Model */ = {
			isa = PBXGroup;
			children = (
				EF43E9A426A1CEA50099784A /* Paper.swift */,
				EF43E9A626A1D1A10099784A /* ModelData.swift */,
			);
			path = Model;
			sourceTree = "<group>";
		};
		EF43E9A926A1D2F90099784A /* Resources */ = {
			isa = PBXGroup;
			children = (
				EF43E9AA26A1D4600099784A /* mockPapers.json */,
			);
			path = Resources;
			sourceTree = "<group>";
		};
/* End PBXGroup section */

/* Begin PBXNativeTarget section */
		EF43E98926A1CB900099784A /* Papiers */ = {
			isa = PBXNativeTarget;
			buildConfigurationList = EF43E99A26A1CB910099784A /* Build configuration list for PBXNativeTarget "Papiers" */;
			buildPhases = (
				EF43E98626A1CB900099784A /* Sources */,
				EF43E98726A1CB900099784A /* Frameworks */,
				EF43E98826A1CB900099784A /* Resources */,
			);
			buildRules = (
			);
			dependencies = (
			);
			name = Papiers;
			productName = Papiers;
			productReference = EF43E98A26A1CB900099784A /* Papiers.app */;
			productType = "com.apple.product-type.application";
		};
/* End PBXNativeTarget section */

/* Begin PBXProject section */
		EF43E98226A1CB900099784A /* Project object */ = {
			isa = PBXProject;
			attributes = {
				LastSwiftUpdateCheck = 1250;
				LastUpgradeCheck = 1250;
				TargetAttributes = {
					EF43E98926A1CB900099784A = {
						CreatedOnToolsVersion = 12.5.1;
					};
				};
			};
			buildConfigurationList = EF43E98526A1CB900099784A /* Build configuration list for PBXProject "Papiers" */;
			compatibilityVersion = "Xcode 9.3";
			developmentRegion = en;
			hasScannedForEncodings = 0;
			knownRegions = (
				en,
				Base,
			);
			mainGroup = EF43E98126A1CB900099784A;
			productRefGroup = EF43E98B26A1CB900099784A /* Products */;
			projectDirPath = "";
			projectRoot = "";
			targets = (
				EF43E98926A1CB900099784A /* Papiers */,
			);
		};
/* End PBXProject section */

/* Begin PBXResourcesBuildPhase section */
		EF43E98826A1CB900099784A /* Resources */ = {
			isa = PBXResourcesBuildPhase;
			buildActionMask = 2147483647;
			files = (
				EF43E99526A1CB910099784A /* Preview Assets.xcassets in Resources */,
				EF43E9AB26A1D4600099784A /* mockPapers.json in Resources */,
				EF43E99226A1CB910099784A /* Assets.xcassets in Resources */,
			);
			runOnlyForDeploymentPostprocessing = 0;
		};
/* End PBXResourcesBuildPhase section */

/* Begin PBXSourcesBuildPhase section */
		EF43E98626A1CB900099784A /* Sources */ = {
			isa = PBXSourcesBuildPhase;
			buildActionMask = 2147483647;
			files = (
				EF43E99026A1CB900099784A /* ContentView.swift in Sources */,
				EF43E9A526A1CEA50099784A /* Paper.swift in Sources */,
				EF43E9A226A1CBEF0099784A /* PaperItem.swift in Sources */,
				EF43E9A026A1CBCA0099784A /* Home.swift in Sources */,
				EF43E98E26A1CB900099784A /* PapiersApp.swift in Sources */,
				EF43E9AD26A1D4FA0099784A /* PaperList.swift in Sources */,
				EF43E9A726A1D1A10099784A /* ModelData.swift in Sources */,
			);
			runOnlyForDeploymentPostprocessing = 0;
		};
/* End PBXSourcesBuildPhase section */

/* Begin XCBuildConfiguration section */
		EF43E99826A1CB910099784A /* Debug */ = {
			isa = XCBuildConfiguration;
			buildSettings = {
				ALWAYS_SEARCH_USER_PATHS = NO;
				CLANG_ANALYZER_NONNULL = YES;
				CLANG_ANALYZER_NUMBER_OBJECT_CONVERSION = YES_AGGRESSIVE;
				CLANG_CXX_LANGUAGE_STANDARD = "gnu++14";
				CLANG_CXX_LIBRARY = "libc++";
				CLANG_ENABLE_MODULES = YES;
				CLANG_ENABLE_OBJC_ARC = YES;
				CLANG_ENABLE_OBJC_WEAK = YES;
				CLANG_WARN_BLOCK_CAPTURE_AUTORELEASING = YES;
				CLANG_WARN_BOOL_CONVERSION = YES;
				CLANG_WARN_COMMA = YES;
				CLANG_WARN_CONSTANT_CONVERSION = YES;
				CLANG_WARN_DEPRECATED_OBJC_IMPLEMENTATIONS = YES;
				CLANG_WARN_DIRECT_OBJC_ISA_USAGE = YES_ERROR;
				CLANG_WARN_DOCUMENTATION_COMMENTS = YES;
				CLANG_WARN_EMPTY_BODY = YES;
				CLANG_WARN_ENUM_CONVERSION = YES;
				CLANG_WARN_INFINITE_RECURSION = YES;
				CLANG_WARN_INT_CONVERSION = YES;
				CLANG_WARN_NON_LITERAL_NULL_CONVERSION = YES;
				CLANG_WARN_OBJC_IMPLICIT_RETAIN_SELF = YES;
				CLANG_WARN_OBJC_LITERAL_CONVERSION = YES;
				CLANG_WARN_OBJC_ROOT_CLASS = YES_ERROR;
				CLANG_WARN_QUOTED_INCLUDE_IN_FRAMEWORK_HEADER = YES;
				CLANG_WARN_RANGE_LOOP_ANALYSIS = YES;
				CLANG_WARN_STRICT_PROTOTYPES = YES;
				CLANG_WARN_SUSPICIOUS_MOVE = YES;
				CLANG_WARN_UNGUARDED_AVAILABILITY = YES_AGGRESSIVE;
				CLANG_WARN_UNREACHABLE_CODE = YES;
				CLANG_WARN__DUPLICATE_METHOD_MATCH = YES;
				COPY_PHASE_STRIP = NO;
				DEBUG_INFORMATION_FORMAT = dwarf;
				ENABLE_STRICT_OBJC_MSGSEND = YES;
				ENABLE_TESTABILITY = YES;
				GCC_C_LANGUAGE_STANDARD = gnu11;
				GCC_DYNAMIC_NO_PIC = NO;
				GCC_NO_COMMON_BLOCKS = YES;
				GCC_OPTIMIZATION_LEVEL = 0;
				GCC_PREPROCESSOR_DEFINITIONS = (
					"DEBUG=1",
					"$(inherited)",
				);
				GCC_WARN_64_TO_32_BIT_CONVERSION = YES;
				GCC_WARN_ABOUT_RETURN_TYPE = YES_ERROR;
				GCC_WARN_UNDECLARED_SELECTOR = YES;
				GCC_WARN_UNINITIALIZED_AUTOS = YES_AGGRESSIVE;
				GCC_WARN_UNUSED_FUNCTION = YES;
				GCC_WARN_UNUSED_VARIABLE = YES;
				MACOSX_DEPLOYMENT_TARGET = 11.3;
				MTL_ENABLE_DEBUG_INFO = INCLUDE_SOURCE;
				MTL_FAST_MATH = YES;
				ONLY_ACTIVE_ARCH = YES;
				SDKROOT = macosx;
				SWIFT_ACTIVE_COMPILATION_CONDITIONS = DEBUG;
				SWIFT_OPTIMIZATION_LEVEL = "-Onone";
			};
			name = Debug;
		};
		EF43E99926A1CB910099784A /* Release */ = {
			isa = XCBuildConfiguration;
			buildSettings = {
				ALWAYS_SEARCH_USER_PATHS = NO;
				CLANG_ANALYZER_NONNULL = YES;
				CLANG_ANALYZER_NUMBER_OBJECT_CONVERSION = YES_AGGRESSIVE;
				CLANG_CXX_LANGUAGE_STANDARD = "gnu++14";
				CLANG_CXX_LIBRARY = "libc++";
				CLANG_ENABLE_MODULES = YES;
				CLANG_ENABLE_OBJC_ARC = YES;
				CLANG_ENABLE_OBJC_WEAK = YES;
				CLANG_WARN_BLOCK_CAPTURE_AUTORELEASING = YES;
				CLANG_WARN_BOOL_CONVERSION = YES;
				CLANG_WARN_COMMA = YES;
				CLANG_WARN_CONSTANT_CONVERSION = YES;
				CLANG_WARN_DEPRECATED_OBJC_IMPLEMENTATIONS = YES;
				CLANG_WARN_DIRECT_OBJC_ISA_USAGE = YES_ERROR;
				CLANG_WARN_DOCUMENTATION_COMMENTS = YES;
				CLANG_WARN_EMPTY_BODY = YES;
				CLANG_WARN_ENUM_CONVERSION = YES;
				CLANG_WARN_INFINITE_RECURSION = YES;
				CLANG_WARN_INT_CONVERSION = YES;
				CLANG_WARN_NON_LITERAL_NULL_CONVERSION = YES;
				CLANG_WARN_OBJC_IMPLICIT_RETAIN_SELF = YES;
				CLANG_WARN_OBJC_LITERAL_CONVERSION = YES;
				CLANG_WARN_OBJC_ROOT_CLASS = YES_ERROR;
				CLANG_WARN_QUOTED_INCLUDE_IN_FRAMEWORK_HEADER = YES;
				CLANG_WARN_RANGE_LOOP_ANALYSIS = YES;
				CLANG_WARN_STRICT_PROTOTYPES = YES;
				CLANG_WARN_SUSPICIOUS_MOVE = YES;
				CLANG_WARN_UNGUARDED_AVAILABILITY = YES_AGGRESSIVE;
				CLANG_WARN_UNREACHABLE_CODE = YES;
				CLANG_WARN__DUPLICATE_METHOD_MATCH = YES;
				COPY_PHASE_STRIP = NO;
				DEBUG_INFORMATION_FORMAT = "dwarf-with-dsym";
				ENABLE_NS_ASSERTIONS = NO;
				ENABLE_STRICT_OBJC_MSGSEND = YES;
				GCC_C_LANGUAGE_STANDARD = gnu11;
				GCC_NO_COMMON_BLOCKS = YES;
				GCC_WARN_64_TO_32_BIT_CONVERSION = YES;
				GCC_WARN_ABOUT_RETURN_TYPE = YES_ERROR;
				GCC_WARN_UNDECLARED_SELECTOR = YES;
				GCC_WARN_UNINITIALIZED_AUTOS = YES_AGGRESSIVE;
				GCC_WARN_UNUSED_FUNCTION = YES;
				GCC_WARN_UNUSED_VARIABLE = YES;
				MACOSX_DEPLOYMENT_TARGET = 11.3;
				MTL_ENABLE_DEBUG_INFO = NO;
				MTL_FAST_MATH = YES;
				SDKROOT = macosx;
				SWIFT_COMPILATION_MODE = wholemodule;
				SWIFT_OPTIMIZATION_LEVEL = "-O";
			};
			name = Release;
		};
		EF43E99B26A1CB910099784A /* Debug */ = {
			isa = XCBuildConfiguration;
			buildSettings = {
				ASSETCATALOG_COMPILER_APPICON_NAME = AppIcon;
				ASSETCATALOG_COMPILER_GLOBAL_ACCENT_COLOR_NAME = AccentColor;
				CODE_SIGN_ENTITLEMENTS = Papiers/Papiers.entitlements;
				CODE_SIGN_STYLE = Automatic;
				COMBINE_HIDPI_IMAGES = YES;
				DEVELOPMENT_ASSET_PATHS = "\"Papiers/Preview Content\"";
				ENABLE_PREVIEWS = YES;
				INFOPLIST_FILE = Papiers/Info.plist;
				LD_RUNPATH_SEARCH_PATHS = (
					"$(inherited)",
					"@executable_path/../Frameworks",
				);
				MACOSX_DEPLOYMENT_TARGET = 11.0;
				PRODUCT_BUNDLE_IDENTIFIER = edu.papiers.Papiers;
				PRODUCT_NAME = "$(TARGET_NAME)";
				SWIFT_VERSION = 5.0;
			};
			name = Debug;
		};
		EF43E99C26A1CB910099784A /* Release */ = {
			isa = XCBuildConfiguration;
			buildSettings = {
				ASSETCATALOG_COMPILER_APPICON_NAME = AppIcon;
				ASSETCATALOG_COMPILER_GLOBAL_ACCENT_COLOR_NAME = AccentColor;
				CODE_SIGN_ENTITLEMENTS = Papiers/Papiers.entitlements;
				CODE_SIGN_STYLE = Automatic;
				COMBINE_HIDPI_IMAGES = YES;
				DEVELOPMENT_ASSET_PATHS = "\"Papiers/Preview Content\"";
				ENABLE_PREVIEWS = YES;
				INFOPLIST_FILE = Papiers/Info.plist;
				LD_RUNPATH_SEARCH_PATHS = (
					"$(inherited)",
					"@executable_path/../Frameworks",
				);
				MACOSX_DEPLOYMENT_TARGET = 11.0;
				PRODUCT_BUNDLE_IDENTIFIER = edu.papiers.Papiers;
				PRODUCT_NAME = "$(TARGET_NAME)";
				SWIFT_VERSION = 5.0;
			};
			name = Release;
		};
/* End XCBuildConfiguration section */

/* Begin XCConfigurationList section */
		EF43E98526A1CB900099784A /* Build configuration list for PBXProject "Papiers" */ = {
			isa = XCConfigurationList;
			buildConfigurations = (
				EF43E99826A1CB910099784A /* Debug */,
				EF43E99926A1CB910099784A /* Release */,
			);
			defaultConfigurationIsVisible = 0;
			defaultConfigurationName = Release;
		};
		EF43E99A26A1CB910099784A /* Build configuration list for PBXNativeTarget "Papiers" */ = {
			isa = XCConfigurationList;
			buildConfigurations = (
				EF43E99B26A1CB910099784A /* Debug */,
				EF43E99C26A1CB910099784A /* Release */,
			);
			defaultConfigurationIsVisible = 0;
			defaultConfigurationName = Release;
		};
/* End XCConfigurationList section */
	};
	rootObject = EF43E98226A1CB900099784A /* Project object */;
}
